
Microsoft Visual Studio Solution File, Format Version 12.00
# Visual Studio 15
VisualStudioVersion = 15.0.27130.2024
MinimumVisualStudioVersion = 10.0.40219.1
Project("{FAE04EC0-301F-11D3-BF4B-00C04F79EFBC}") = "HelloWorldTest", "HelloWorldTest\HelloWorldTest.csproj", "{F5C0F6A3-11B0-4700-BED5-DF245DCB1109}"
EndProject
Global
	GlobalSection(SolutionConfigurationPlatforms) = preSolution
		Debug|Any CPU = Debug|Any CPU
		Release|Any CPU = Release|Any CPU
	EndGlobalSection
	GlobalSection(ProjectConfigurationPlatforms) = postSolution
		{F5C0F6A3-11B0-4700-BED5-DF245DCB1109}.Debug|Any CPU.ActiveCfg = Debug|Any CPU
		{F5C0F6A3-11B0-4700-BED5-DF245DCB1109}.Debug|Any CPU.Build.0 = Debug|Any CPU
		{F5C0F6A3-11B0-4700-BED5-DF245DCB1109}.Release|Any CPU.ActiveCfg = Release|Any CPU
		{F5C0F6A3-11B0-4700-BED5-DF245DCB1109}.Release|Any CPU.Build.0 = Release|Any CPU
	EndGlobalSection
	GlobalSection(SolutionProperties) = preSolution
		HideSolutionNode = FALSE
	EndGlobalSection
	GlobalSection(ExtensibilityGlobals) = postSolution
		SolutionGuid = {F483F90B-45AC-446B-968B-4685E3F888EA}
	EndGlobalSection
EndGlobal
